# THIS IS AN AUTOGENERATED FILE. DO NOT EDIT THIS FILE DIRECTLY.
# yarn lockfile v1


"@babel/code-frame@7.0.0-beta.34":
  version "7.0.0-beta.34"
  resolved "https://registry.yarnpkg.com/@babel/code-frame/-/code-frame-7.0.0-beta.34.tgz#e8e81e37ee65a35cedc8a22a11a51d792bdc651c"
  dependencies:
    chalk "^2.0.0"
    esutils "^2.0.2"
    js-tokens "^3.0.0"

"@babel/core@^7.0.0-beta.34":
  version "7.0.0-beta.34"
  resolved "https://registry.yarnpkg.com/@babel/core/-/core-7.0.0-beta.34.tgz#576863223bcb4d003e9450b2a4c5076a626be966"
  dependencies:
    "@babel/code-frame" "7.0.0-beta.34"
    "@babel/generator" "7.0.0-beta.34"
    "@babel/helpers" "7.0.0-beta.34"
    "@babel/template" "7.0.0-beta.34"
    "@babel/traverse" "7.0.0-beta.34"
    "@babel/types" "7.0.0-beta.34"
    babylon "7.0.0-beta.34"
    convert-source-map "^1.1.0"
    debug "^3.0.1"
    json5 "^0.5.0"
    lodash "^4.2.0"
    micromatch "^2.3.11"
    resolve "^1.3.2"
    source-map "^0.5.0"

"@babel/generator@7.0.0-beta.34":
  version "7.0.0-beta.34"
  resolved "https://registry.yarnpkg.com/@babel/generator/-/generator-7.0.0-beta.34.tgz#1a98992f3ef9e61a6007830883dfa2dbb26c622d"
  dependencies:
    "@babel/types" "7.0.0-beta.34"
    jsesc "^2.5.1"
    lodash "^4.2.0"
    source-map "^0.5.0"
    trim-right "^1.0.1"

"@babel/helper-annotate-as-pure@7.0.0-beta.34":
  version "7.0.0-beta.34"
  resolved "https://registry.yarnpkg.com/@babel/helper-annotate-as-pure/-/helper-annotate-as-pure-7.0.0-beta.34.tgz#f3c8951dc87f5700d6cc41cae8fa0db43393bc4e"
  dependencies:
    "@babel/types" "7.0.0-beta.34"

"@babel/helper-builder-binary-assignment-operator-visitor@7.0.0-beta.34":
  version "7.0.0-beta.34"
  resolved "https://registry.yarnpkg.com/@babel/helper-builder-binary-assignment-operator-visitor/-/helper-builder-binary-assignment-operator-visitor-7.0.0-beta.34.tgz#bd688caf01dc0b10fc8fc7e943ccd3ff3ab75121"
  dependencies:
    "@babel/helper-explode-assignable-expression" "7.0.0-beta.34"
    "@babel/types" "7.0.0-beta.34"

"@babel/helper-builder-react-jsx@7.0.0-beta.34":
  version "7.0.0-beta.34"
  resolved "https://registry.yarnpkg.com/@babel/helper-builder-react-jsx/-/helper-builder-react-jsx-7.0.0-beta.34.tgz#a2fbc88640795d44001876e12e363ebfe6e1df3e"
  dependencies:
    "@babel/types" "7.0.0-beta.34"
    esutils "^2.0.0"

"@babel/helper-call-delegate@7.0.0-beta.34":
  version "7.0.0-beta.34"
  resolved "https://registry.yarnpkg.com/@babel/helper-call-delegate/-/helper-call-delegate-7.0.0-beta.34.tgz#3645a7b7260fa26034dc80d8c15652d18e1fa69c"
  dependencies:
    "@babel/helper-hoist-variables" "7.0.0-beta.34"
    "@babel/traverse" "7.0.0-beta.34"
    "@babel/types" "7.0.0-beta.34"

"@babel/helper-define-map@7.0.0-beta.34":
  version "7.0.0-beta.34"
  resolved "https://registry.yarnpkg.com/@babel/helper-define-map/-/helper-define-map-7.0.0-beta.34.tgz#ad36db2b3f440b0dd13abc4983dfa5478c7afe17"
  dependencies:
    "@babel/helper-function-name" "7.0.0-beta.34"
    "@babel/types" "7.0.0-beta.34"
    lodash "^4.2.0"

"@babel/helper-explode-assignable-expression@7.0.0-beta.34":
  version "7.0.0-beta.34"
  resolved "https://registry.yarnpkg.com/@babel/helper-explode-assignable-expression/-/helper-explode-assignable-expression-7.0.0-beta.34.tgz#69168494ab12adb5f8df6fc6935ecfa57bd781e8"
  dependencies:
    "@babel/traverse" "7.0.0-beta.34"
    "@babel/types" "7.0.0-beta.34"

"@babel/helper-function-name@7.0.0-beta.34":
  version "7.0.0-beta.34"
  resolved "https://registry.yarnpkg.com/@babel/helper-function-name/-/helper-function-name-7.0.0-beta.34.tgz#eb27e7ebc299b66981100005642bf50946cb14f9"
  dependencies:
    "@babel/helper-get-function-arity" "7.0.0-beta.34"
    "@babel/template" "7.0.0-beta.34"
    "@babel/types" "7.0.0-beta.34"

"@babel/helper-get-function-arity@7.0.0-beta.34":
  version "7.0.0-beta.34"
  resolved "https://registry.yarnpkg.com/@babel/helper-get-function-arity/-/helper-get-function-arity-7.0.0-beta.34.tgz#e3dd0a72086a739c587424abd26fd3012a8b1eec"
  dependencies:
    "@babel/types" "7.0.0-beta.34"

"@babel/helper-hoist-variables@7.0.0-beta.34":
  version "7.0.0-beta.34"
  resolved "https://registry.yarnpkg.com/@babel/helper-hoist-variables/-/helper-hoist-variables-7.0.0-beta.34.tgz#6125e0038291f9e0ff1310a54970902b4525abba"
  dependencies:
    "@babel/types" "7.0.0-beta.34"

"@babel/helper-module-imports@7.0.0-beta.34":
  version "7.0.0-beta.34"
  resolved "https://registry.yarnpkg.com/@babel/helper-module-imports/-/helper-module-imports-7.0.0-beta.34.tgz#f3c3da95a8994dfe103dbc137592d8558db500f3"
  dependencies:
    "@babel/types" "7.0.0-beta.34"
    lodash "^4.2.0"

"@babel/helper-module-transforms@7.0.0-beta.34":
  version "7.0.0-beta.34"
  resolved "https://registry.yarnpkg.com/@babel/helper-module-transforms/-/helper-module-transforms-7.0.0-beta.34.tgz#69d8ea1adc6f7976ad61a61ef3f92c947bd07018"
  dependencies:
    "@babel/helper-module-imports" "7.0.0-beta.34"
    "@babel/helper-simple-access" "7.0.0-beta.34"
    "@babel/template" "7.0.0-beta.34"
    "@babel/types" "7.0.0-beta.34"
    lodash "^4.2.0"

"@babel/helper-optimise-call-expression@7.0.0-beta.34":
  version "7.0.0-beta.34"
  resolved "https://registry.yarnpkg.com/@babel/helper-optimise-call-expression/-/helper-optimise-call-expression-7.0.0-beta.34.tgz#d792d2a806441b4b6d9af66513e5ef2c366104b5"
  dependencies:
    "@babel/types" "7.0.0-beta.34"

"@babel/helper-regex@7.0.0-beta.34":
  version "7.0.0-beta.34"
  resolved "https://registry.yarnpkg.com/@babel/helper-regex/-/helper-regex-7.0.0-beta.34.tgz#761224365616ef0652491920848fd27cf65f85d2"
  dependencies:
    lodash "^4.2.0"

"@babel/helper-remap-async-to-generator@7.0.0-beta.34":
  version "7.0.0-beta.34"
  resolved "https://registry.yarnpkg.com/@babel/helper-remap-async-to-generator/-/helper-remap-async-to-generator-7.0.0-beta.34.tgz#30d0ecc53e203a0d029ebc056726c3a07d545443"
  dependencies:
    "@babel/helper-annotate-as-pure" "7.0.0-beta.34"
    "@babel/helper-wrap-function" "7.0.0-beta.34"
    "@babel/template" "7.0.0-beta.34"
    "@babel/traverse" "7.0.0-beta.34"
    "@babel/types" "7.0.0-beta.34"

"@babel/helper-replace-supers@7.0.0-beta.34":
  version "7.0.0-beta.34"
  resolved "https://registry.yarnpkg.com/@babel/helper-replace-supers/-/helper-replace-supers-7.0.0-beta.34.tgz#888ae50bfd5b1d5f326066b555aa269855c776f2"
  dependencies:
    "@babel/helper-optimise-call-expression" "7.0.0-beta.34"
    "@babel/template" "7.0.0-beta.34"
    "@babel/traverse" "7.0.0-beta.34"
    "@babel/types" "7.0.0-beta.34"

"@babel/helper-simple-access@7.0.0-beta.34":
  version "7.0.0-beta.34"
  resolved "https://registry.yarnpkg.com/@babel/helper-simple-access/-/helper-simple-access-7.0.0-beta.34.tgz#ad7506e04c98c81aff85c623c7882b95fcef3aa0"
  dependencies:
    "@babel/template" "7.0.0-beta.34"
    "@babel/types" "7.0.0-beta.34"
    lodash "^4.2.0"

"@babel/helper-wrap-function@7.0.0-beta.34":
  version "7.0.0-beta.34"
  resolved "https://registry.yarnpkg.com/@babel/helper-wrap-function/-/helper-wrap-function-7.0.0-beta.34.tgz#dd17517c73c3ded126d295d848af93aa3ca8f316"
  dependencies:
    "@babel/helper-function-name" "7.0.0-beta.34"
    "@babel/template" "7.0.0-beta.34"
    "@babel/traverse" "7.0.0-beta.34"
    "@babel/types" "7.0.0-beta.34"

"@babel/helpers@7.0.0-beta.34":
  version "7.0.0-beta.34"
  resolved "https://registry.yarnpkg.com/@babel/helpers/-/helpers-7.0.0-beta.34.tgz#899dbe0a01c7a93a342860736ecf6419e2cc8591"
  dependencies:
    "@babel/template" "7.0.0-beta.34"
    "@babel/traverse" "7.0.0-beta.34"
    "@babel/types" "7.0.0-beta.34"

"@babel/plugin-check-constants@7.0.0-beta.34":
  version "7.0.0-beta.34"
  resolved "https://registry.yarnpkg.com/@babel/plugin-check-constants/-/plugin-check-constants-7.0.0-beta.34.tgz#29d2a42967087913c9140f1f35a085d95869a07e"

"@babel/plugin-proposal-async-generator-functions@7.0.0-beta.34":
  version "7.0.0-beta.34"
  resolved "https://registry.yarnpkg.com/@babel/plugin-proposal-async-generator-functions/-/plugin-proposal-async-generator-functions-7.0.0-beta.34.tgz#0a7b6385653b0df8b082d7f28ab4d1be05332386"
  dependencies:
    "@babel/helper-remap-async-to-generator" "7.0.0-beta.34"
    "@babel/plugin-syntax-async-generators" "7.0.0-beta.34"

"@babel/plugin-proposal-object-rest-spread@7.0.0-beta.34":
  version "7.0.0-beta.34"
  resolved "https://registry.yarnpkg.com/@babel/plugin-proposal-object-rest-spread/-/plugin-proposal-object-rest-spread-7.0.0-beta.34.tgz#46720e93548d7504a11933b720bd3784426a9026"
  dependencies:
    "@babel/plugin-syntax-object-rest-spread" "7.0.0-beta.34"

"@babel/plugin-proposal-optional-catch-binding@7.0.0-beta.34":
  version "7.0.0-beta.34"
  resolved "https://registry.yarnpkg.com/@babel/plugin-proposal-optional-catch-binding/-/plugin-proposal-optional-catch-binding-7.0.0-beta.34.tgz#c38835ef180116d05ed57e4a6db6e77c97177fdc"
  dependencies:
    "@babel/plugin-syntax-optional-catch-binding" "7.0.0-beta.34"

"@babel/plugin-proposal-unicode-property-regex@7.0.0-beta.34":
  version "7.0.0-beta.34"
  resolved "https://registry.yarnpkg.com/@babel/plugin-proposal-unicode-property-regex/-/plugin-proposal-unicode-property-regex-7.0.0-beta.34.tgz#7f22b2ec60e79b0394bf2a4e396eee1ef677db5b"
  dependencies:
    "@babel/helper-regex" "7.0.0-beta.34"
    regexpu-core "^4.1.3"

"@babel/plugin-syntax-async-generators@7.0.0-beta.34":
  version "7.0.0-beta.34"
  resolved "https://registry.yarnpkg.com/@babel/plugin-syntax-async-generators/-/plugin-syntax-async-generators-7.0.0-beta.34.tgz#8f3990ec7f98ded0ede1edc65a636bebc63fa34b"

"@babel/plugin-syntax-flow@7.0.0-beta.34":
  version "7.0.0-beta.34"
  resolved "https://registry.yarnpkg.com/@babel/plugin-syntax-flow/-/plugin-syntax-flow-7.0.0-beta.34.tgz#679373bd94f4d2df414ba26cb2fee27ece2efdc6"

"@babel/plugin-syntax-jsx@7.0.0-beta.34":
  version "7.0.0-beta.34"
  resolved "https://registry.yarnpkg.com/@babel/plugin-syntax-jsx/-/plugin-syntax-jsx-7.0.0-beta.34.tgz#15763aaa2ef2df00fb9ff6edb7b4295622e52514"

"@babel/plugin-syntax-object-rest-spread@7.0.0-beta.34":
  version "7.0.0-beta.34"
  resolved "https://registry.yarnpkg.com/@babel/plugin-syntax-object-rest-spread/-/plugin-syntax-object-rest-spread-7.0.0-beta.34.tgz#01883a3e6e29d842e88c54d146addd88eedbe0e8"

"@babel/plugin-syntax-optional-catch-binding@7.0.0-beta.34":
  version "7.0.0-beta.34"
  resolved "https://registry.yarnpkg.com/@babel/plugin-syntax-optional-catch-binding/-/plugin-syntax-optional-catch-binding-7.0.0-beta.34.tgz#b677c0863cd2373b46fc57728277212f331d6c2e"

"@babel/plugin-transform-arrow-functions@7.0.0-beta.34":
  version "7.0.0-beta.34"
  resolved "https://registry.yarnpkg.com/@babel/plugin-transform-arrow-functions/-/plugin-transform-arrow-functions-7.0.0-beta.34.tgz#441f116d51c14a051d4c00a926a5211be97cf106"

"@babel/plugin-transform-async-to-generator@7.0.0-beta.34":
  version "7.0.0-beta.34"
  resolved "https://registry.yarnpkg.com/@babel/plugin-transform-async-to-generator/-/plugin-transform-async-to-generator-7.0.0-beta.34.tgz#889c1d75307f12523911b3eaa2932ef91f5b59c3"
  dependencies:
    "@babel/helper-module-imports" "7.0.0-beta.34"
    "@babel/helper-remap-async-to-generator" "7.0.0-beta.34"

"@babel/plugin-transform-block-scoped-functions@7.0.0-beta.34":
  version "7.0.0-beta.34"
  resolved "https://registry.yarnpkg.com/@babel/plugin-transform-block-scoped-functions/-/plugin-transform-block-scoped-functions-7.0.0-beta.34.tgz#8c3c45b4c6b4f55ceb0fab9df3368277462c86e4"

"@babel/plugin-transform-block-scoping@7.0.0-beta.34":
  version "7.0.0-beta.34"
  resolved "https://registry.yarnpkg.com/@babel/plugin-transform-block-scoping/-/plugin-transform-block-scoping-7.0.0-beta.34.tgz#2d168b5cabf333095de1ee4d0b669db0beb20356"
  dependencies:
    lodash "^4.2.0"

"@babel/plugin-transform-classes@7.0.0-beta.34":
  version "7.0.0-beta.34"
  resolved "https://registry.yarnpkg.com/@babel/plugin-transform-classes/-/plugin-transform-classes-7.0.0-beta.34.tgz#2da769561a87e1fe25f66cd548970e70bf058a3b"
  dependencies:
    "@babel/helper-annotate-as-pure" "7.0.0-beta.34"
    "@babel/helper-define-map" "7.0.0-beta.34"
    "@babel/helper-function-name" "7.0.0-beta.34"
    "@babel/helper-optimise-call-expression" "7.0.0-beta.34"
    "@babel/helper-replace-supers" "7.0.0-beta.34"

"@babel/plugin-transform-computed-properties@7.0.0-beta.34":
  version "7.0.0-beta.34"
  resolved "https://registry.yarnpkg.com/@babel/plugin-transform-computed-properties/-/plugin-transform-computed-properties-7.0.0-beta.34.tgz#19ac5150120b69bca4c1c6f60f63377b7237de9b"

"@babel/plugin-transform-destructuring@7.0.0-beta.34":
  version "7.0.0-beta.34"
  resolved "https://registry.yarnpkg.com/@babel/plugin-transform-destructuring/-/plugin-transform-destructuring-7.0.0-beta.34.tgz#f571d3e6aeca2344d786fb97a0f8369aec3f6161"

"@babel/plugin-transform-duplicate-keys@7.0.0-beta.34":
  version "7.0.0-beta.34"
  resolved "https://registry.yarnpkg.com/@babel/plugin-transform-duplicate-keys/-/plugin-transform-duplicate-keys-7.0.0-beta.34.tgz#83e9ab1f519d0d69870c14f1fbfdc87c8720f17a"

"@babel/plugin-transform-exponentiation-operator@7.0.0-beta.34":
  version "7.0.0-beta.34"
  resolved "https://registry.yarnpkg.com/@babel/plugin-transform-exponentiation-operator/-/plugin-transform-exponentiation-operator-7.0.0-beta.34.tgz#7fa68b8273695e87cb528e47ab17926ba0104a83"
  dependencies:
    "@babel/helper-builder-binary-assignment-operator-visitor" "7.0.0-beta.34"

"@babel/plugin-transform-flow-strip-types@7.0.0-beta.34":
  version "7.0.0-beta.34"
  resolved "https://registry.yarnpkg.com/@babel/plugin-transform-flow-strip-types/-/plugin-transform-flow-strip-types-7.0.0-beta.34.tgz#7f5bd51ea813ee466c80372bbfefa0c851fdcf98"
  dependencies:
    "@babel/plugin-syntax-flow" "7.0.0-beta.34"

"@babel/plugin-transform-for-of@7.0.0-beta.34":
  version "7.0.0-beta.34"
  resolved "https://registry.yarnpkg.com/@babel/plugin-transform-for-of/-/plugin-transform-for-of-7.0.0-beta.34.tgz#046d1ab80157e70fb0bdeed01443f26e48fbfcf4"

"@babel/plugin-transform-function-name@7.0.0-beta.34":
  version "7.0.0-beta.34"
  resolved "https://registry.yarnpkg.com/@babel/plugin-transform-function-name/-/plugin-transform-function-name-7.0.0-beta.34.tgz#cd0eab350cefa24c07277389b7cd21e7c1a5116c"
  dependencies:
    "@babel/helper-function-name" "7.0.0-beta.34"

"@babel/plugin-transform-literals@7.0.0-beta.34":
  version "7.0.0-beta.34"
  resolved "https://registry.yarnpkg.com/@babel/plugin-transform-literals/-/plugin-transform-literals-7.0.0-beta.34.tgz#ed84b3e52721ec241fee60935f5e7763ea5744a1"

"@babel/plugin-transform-modules-amd@7.0.0-beta.34":
  version "7.0.0-beta.34"
  resolved "https://registry.yarnpkg.com/@babel/plugin-transform-modules-amd/-/plugin-transform-modules-amd-7.0.0-beta.34.tgz#31464df8455921db3bad0dd6c9792ceb4a4d5e1c"
  dependencies:
    "@babel/helper-module-transforms" "7.0.0-beta.34"

"@babel/plugin-transform-modules-commonjs@7.0.0-beta.34":
  version "7.0.0-beta.34"
  resolved "https://registry.yarnpkg.com/@babel/plugin-transform-modules-commonjs/-/plugin-transform-modules-commonjs-7.0.0-beta.34.tgz#5f44e9611598221d9c2a45d53c83af1fa8901c55"
  dependencies:
    "@babel/helper-module-transforms" "7.0.0-beta.34"
    "@babel/helper-simple-access" "7.0.0-beta.34"

"@babel/plugin-transform-modules-systemjs@7.0.0-beta.34":
  version "7.0.0-beta.34"
  resolved "https://registry.yarnpkg.com/@babel/plugin-transform-modules-systemjs/-/plugin-transform-modules-systemjs-7.0.0-beta.34.tgz#2f9a5f9b4448b9d308e1755170eafbee18ab58eb"
  dependencies:
    "@babel/helper-hoist-variables" "7.0.0-beta.34"

"@babel/plugin-transform-modules-umd@7.0.0-beta.34":
  version "7.0.0-beta.34"
  resolved "https://registry.yarnpkg.com/@babel/plugin-transform-modules-umd/-/plugin-transform-modules-umd-7.0.0-beta.34.tgz#a9f662404cfa39f8e357fa67fd25a483147c9374"
  dependencies:
    "@babel/helper-module-transforms" "7.0.0-beta.34"

"@babel/plugin-transform-new-target@7.0.0-beta.34":
  version "7.0.0-beta.34"
  resolved "https://registry.yarnpkg.com/@babel/plugin-transform-new-target/-/plugin-transform-new-target-7.0.0-beta.34.tgz#d3647cf5fd9b71dcea5325bcbca3995591e04f83"

"@babel/plugin-transform-object-super@7.0.0-beta.34":
  version "7.0.0-beta.34"
  resolved "https://registry.yarnpkg.com/@babel/plugin-transform-object-super/-/plugin-transform-object-super-7.0.0-beta.34.tgz#02dcacafbf2b39ca71e7b93e5d8e1e6cf123b042"
  dependencies:
    "@babel/helper-replace-supers" "7.0.0-beta.34"

"@babel/plugin-transform-parameters@7.0.0-beta.34":
  version "7.0.0-beta.34"
  resolved "https://registry.yarnpkg.com/@babel/plugin-transform-parameters/-/plugin-transform-parameters-7.0.0-beta.34.tgz#e45d973d264c7fb92e71ec190f9be67eb4715764"
  dependencies:
    "@babel/helper-call-delegate" "7.0.0-beta.34"
    "@babel/helper-get-function-arity" "7.0.0-beta.34"

"@babel/plugin-transform-react-display-name@7.0.0-beta.34":
  version "7.0.0-beta.34"
  resolved "https://registry.yarnpkg.com/@babel/plugin-transform-react-display-name/-/plugin-transform-react-display-name-7.0.0-beta.34.tgz#9cc093b34655aeefc4ce4e5925a30cd489798872"

"@babel/plugin-transform-react-jsx-self@7.0.0-beta.34":
  version "7.0.0-beta.34"
  resolved "https://registry.yarnpkg.com/@babel/plugin-transform-react-jsx-self/-/plugin-transform-react-jsx-self-7.0.0-beta.34.tgz#7088b22f6e59b6f9ca4f03bd439eb22b7b612b22"
  dependencies:
    "@babel/plugin-syntax-jsx" "7.0.0-beta.34"

"@babel/plugin-transform-react-jsx-source@7.0.0-beta.34":
  version "7.0.0-beta.34"
  resolved "https://registry.yarnpkg.com/@babel/plugin-transform-react-jsx-source/-/plugin-transform-react-jsx-source-7.0.0-beta.34.tgz#53081f5e4ec9fa76ce3f882297b6af895b7893b3"
  dependencies:
    "@babel/plugin-syntax-jsx" "7.0.0-beta.34"

"@babel/plugin-transform-react-jsx@7.0.0-beta.34":
  version "7.0.0-beta.34"
  resolved "https://registry.yarnpkg.com/@babel/plugin-transform-react-jsx/-/plugin-transform-react-jsx-7.0.0-beta.34.tgz#e34e47c71c7efa6a9362176fdf5d3ae16368a117"
  dependencies:
    "@babel/helper-builder-react-jsx" "7.0.0-beta.34"
    "@babel/plugin-syntax-jsx" "7.0.0-beta.34"

"@babel/plugin-transform-regenerator@7.0.0-beta.34":
  version "7.0.0-beta.34"
  resolved "https://registry.yarnpkg.com/@babel/plugin-transform-regenerator/-/plugin-transform-regenerator-7.0.0-beta.34.tgz#71bb288e2897e80dae8ca9b29f1c00e77e3c1c54"
  dependencies:
    regenerator-transform "^0.12.1"

"@babel/plugin-transform-shorthand-properties@7.0.0-beta.34":
  version "7.0.0-beta.34"
  resolved "https://registry.yarnpkg.com/@babel/plugin-transform-shorthand-properties/-/plugin-transform-shorthand-properties-7.0.0-beta.34.tgz#98c14a87d02331ae0f110fa15ea8aa5455d0e0e2"

"@babel/plugin-transform-spread@7.0.0-beta.34":
  version "7.0.0-beta.34"
  resolved "https://registry.yarnpkg.com/@babel/plugin-transform-spread/-/plugin-transform-spread-7.0.0-beta.34.tgz#5bb69cb0d20e87f2f4d752938d654569edeb0378"

"@babel/plugin-transform-sticky-regex@7.0.0-beta.34":
  version "7.0.0-beta.34"
  resolved "https://registry.yarnpkg.com/@babel/plugin-transform-sticky-regex/-/plugin-transform-sticky-regex-7.0.0-beta.34.tgz#1a3b656bbfdf5a161248d2559ad016a203817488"
  dependencies:
    "@babel/helper-regex" "7.0.0-beta.34"

"@babel/plugin-transform-template-literals@7.0.0-beta.34":
  version "7.0.0-beta.34"
  resolved "https://registry.yarnpkg.com/@babel/plugin-transform-template-literals/-/plugin-transform-template-literals-7.0.0-beta.34.tgz#d783af2eb39e1d31da5d50b688961467567e0ca9"
  dependencies:
    "@babel/helper-annotate-as-pure" "7.0.0-beta.34"

"@babel/plugin-transform-typeof-symbol@7.0.0-beta.34":
  version "7.0.0-beta.34"
  resolved "https://registry.yarnpkg.com/@babel/plugin-transform-typeof-symbol/-/plugin-transform-typeof-symbol-7.0.0-beta.34.tgz#960c5c822a8e0ac5bad6ff81ec092def1bf93d7b"

"@babel/plugin-transform-unicode-regex@7.0.0-beta.34":
  version "7.0.0-beta.34"
  resolved "https://registry.yarnpkg.com/@babel/plugin-transform-unicode-regex/-/plugin-transform-unicode-regex-7.0.0-beta.34.tgz#d2ed620b8b353a276a1f77293909ad8672a9033a"
  dependencies:
    "@babel/helper-regex" "7.0.0-beta.34"
    regexpu-core "^4.1.3"

"@babel/preset-env@^7.0.0-beta.34":
  version "7.0.0-beta.34"
  resolved "https://registry.yarnpkg.com/@babel/preset-env/-/preset-env-7.0.0-beta.34.tgz#60a2ec2bf5654958da8913a2237bbe907f71ad70"
  dependencies:
    "@babel/plugin-check-constants" "7.0.0-beta.34"
    "@babel/plugin-proposal-async-generator-functions" "7.0.0-beta.34"
    "@babel/plugin-proposal-object-rest-spread" "7.0.0-beta.34"
    "@babel/plugin-proposal-optional-catch-binding" "7.0.0-beta.34"
    "@babel/plugin-proposal-unicode-property-regex" "7.0.0-beta.34"
    "@babel/plugin-syntax-async-generators" "7.0.0-beta.34"
    "@babel/plugin-syntax-object-rest-spread" "7.0.0-beta.34"
    "@babel/plugin-syntax-optional-catch-binding" "7.0.0-beta.34"
    "@babel/plugin-transform-arrow-functions" "7.0.0-beta.34"
    "@babel/plugin-transform-async-to-generator" "7.0.0-beta.34"
    "@babel/plugin-transform-block-scoped-functions" "7.0.0-beta.34"
    "@babel/plugin-transform-block-scoping" "7.0.0-beta.34"
    "@babel/plugin-transform-classes" "7.0.0-beta.34"
    "@babel/plugin-transform-computed-properties" "7.0.0-beta.34"
    "@babel/plugin-transform-destructuring" "7.0.0-beta.34"
    "@babel/plugin-transform-duplicate-keys" "7.0.0-beta.34"
    "@babel/plugin-transform-exponentiation-operator" "7.0.0-beta.34"
    "@babel/plugin-transform-for-of" "7.0.0-beta.34"
    "@babel/plugin-transform-function-name" "7.0.0-beta.34"
    "@babel/plugin-transform-literals" "7.0.0-beta.34"
    "@babel/plugin-transform-modules-amd" "7.0.0-beta.34"
    "@babel/plugin-transform-modules-commonjs" "7.0.0-beta.34"
    "@babel/plugin-transform-modules-systemjs" "7.0.0-beta.34"
    "@babel/plugin-transform-modules-umd" "7.0.0-beta.34"
    "@babel/plugin-transform-new-target" "7.0.0-beta.34"
    "@babel/plugin-transform-object-super" "7.0.0-beta.34"
    "@babel/plugin-transform-parameters" "7.0.0-beta.34"
    "@babel/plugin-transform-regenerator" "7.0.0-beta.34"
    "@babel/plugin-transform-shorthand-properties" "7.0.0-beta.34"
    "@babel/plugin-transform-spread" "7.0.0-beta.34"
    "@babel/plugin-transform-sticky-regex" "7.0.0-beta.34"
    "@babel/plugin-transform-template-literals" "7.0.0-beta.34"
    "@babel/plugin-transform-typeof-symbol" "7.0.0-beta.34"
    "@babel/plugin-transform-unicode-regex" "7.0.0-beta.34"
    browserslist "^2.4.0"
    invariant "^2.2.2"
    semver "^5.3.0"

"@babel/preset-flow@^7.0.0-beta.34":
  version "7.0.0-beta.34"
  resolved "https://registry.yarnpkg.com/@babel/preset-flow/-/preset-flow-7.0.0-beta.34.tgz#4ec87fa9348a743359723a83fb3d249175ff9e2a"
  dependencies:
    "@babel/plugin-transform-flow-strip-types" "7.0.0-beta.34"

"@babel/preset-react@^7.0.0-beta.34":
  version "7.0.0-beta.34"
  resolved "https://registry.yarnpkg.com/@babel/preset-react/-/preset-react-7.0.0-beta.34.tgz#548d8bca75c70c24a2ec0ebc2bd59d9f18ddfd7c"
  dependencies:
    "@babel/plugin-syntax-jsx" "7.0.0-beta.34"
    "@babel/plugin-transform-react-display-name" "7.0.0-beta.34"
    "@babel/plugin-transform-react-jsx" "7.0.0-beta.34"
    "@babel/plugin-transform-react-jsx-self" "7.0.0-beta.34"
    "@babel/plugin-transform-react-jsx-source" "7.0.0-beta.34"

"@babel/template@7.0.0-beta.34":
  version "7.0.0-beta.34"
  resolved "https://registry.yarnpkg.com/@babel/template/-/template-7.0.0-beta.34.tgz#35fa7eb6c540f4619927ec1c1b113719ecc59446"
  dependencies:
    "@babel/code-frame" "7.0.0-beta.34"
    "@babel/types" "7.0.0-beta.34"
    babylon "7.0.0-beta.34"
    lodash "^4.2.0"

"@babel/traverse@7.0.0-beta.34":
  version "7.0.0-beta.34"
  resolved "https://registry.yarnpkg.com/@babel/traverse/-/traverse-7.0.0-beta.34.tgz#c352fc560e1c78198ee52252c780fe848235fdfe"
  dependencies:
    "@babel/code-frame" "7.0.0-beta.34"
    "@babel/helper-function-name" "7.0.0-beta.34"
    "@babel/types" "7.0.0-beta.34"
    babylon "7.0.0-beta.34"
    debug "^3.0.1"
    globals "^10.0.0"
    invariant "^2.2.0"
    lodash "^4.2.0"

"@babel/types@7.0.0-beta.34":
  version "7.0.0-beta.34"
  resolved "https://registry.yarnpkg.com/@babel/types/-/types-7.0.0-beta.34.tgz#ce8da730b834c782ec64a2baf3ac0200dd328816"
  dependencies:
    esutils "^2.0.2"
    lodash "^4.2.0"
    to-fast-properties "^2.0.0"

ansi-styles@^3.1.0:
  version "3.2.0"
  resolved "https://registry.yarnpkg.com/ansi-styles/-/ansi-styles-3.2.0.tgz#c159b8d5be0f9e5a6f346dab94f16ce022161b88"
  dependencies:
    color-convert "^1.9.0"

arr-diff@^2.0.0:
  version "2.0.0"
  resolved "https://registry.yarnpkg.com/arr-diff/-/arr-diff-2.0.0.tgz#8f3b827f955a8bd669697e4a4256ac3ceae356cf"
  dependencies:
    arr-flatten "^1.0.1"

arr-flatten@^1.0.1:
  version "1.1.0"
  resolved "https://registry.yarnpkg.com/arr-flatten/-/arr-flatten-1.1.0.tgz#36048bbff4e7b47e136644316c99669ea5ae91f1"

array-unique@^0.2.1:
  version "0.2.1"
  resolved "https://registry.yarnpkg.com/array-unique/-/array-unique-0.2.1.tgz#a1d97ccafcbc2625cc70fadceb36a50c58b01a53"

asap@~2.0.3:
  version "2.0.6"
  resolved "https://registry.yarnpkg.com/asap/-/asap-2.0.6.tgz#e50347611d7e690943208bbdafebcbc2fb866d46"

babylon@7.0.0-beta.34:
  version "7.0.0-beta.34"
  resolved "https://registry.yarnpkg.com/babylon/-/babylon-7.0.0-beta.34.tgz#2ccdf97bb4fbc1617619a030a6c0390b2c8f16d6"

braces@^1.8.2:
  version "1.8.5"
  resolved "https://registry.yarnpkg.com/braces/-/braces-1.8.5.tgz#ba77962e12dff969d6b76711e914b737857bf6a7"
  dependencies:
    expand-range "^1.8.1"
    preserve "^0.2.0"
    repeat-element "^1.1.2"

browserslist@^2.4.0:
  version "2.9.1"
  resolved "https://registry.yarnpkg.com/browserslist/-/browserslist-2.9.1.tgz#b72d3982ab01b5cd24da62ff6d45573886aff275"
  dependencies:
    caniuse-lite "^1.0.30000770"
    electron-to-chromium "^1.3.27"

caniuse-lite@^1.0.30000770:
  version "1.0.30000777"
  resolved "https://registry.yarnpkg.com/caniuse-lite/-/caniuse-lite-1.0.30000777.tgz#31c18a4a8cd49782ebb305c8e8a93e6b3b3e4f13"

chalk@^2.0.0:
  version "2.3.0"
  resolved "https://registry.yarnpkg.com/chalk/-/chalk-2.3.0.tgz#b5ea48efc9c1793dccc9b4767c93914d3f2d52ba"
  dependencies:
    ansi-styles "^3.1.0"
    escape-string-regexp "^1.0.5"
    supports-color "^4.0.0"

clipboard@^1.5.5:
  version "1.7.1"
  resolved "https://registry.yarnpkg.com/clipboard/-/clipboard-1.7.1.tgz#360d6d6946e99a7a1fef395e42ba92b5e9b5a16b"
  dependencies:
    good-listener "^1.2.2"
    select "^1.1.2"
    tiny-emitter "^2.0.0"

color-convert@^1.9.0:
  version "1.9.1"
  resolved "https://registry.yarnpkg.com/color-convert/-/color-convert-1.9.1.tgz#c1261107aeb2f294ebffec9ed9ecad529a6097ed"
  dependencies:
    color-name "^1.1.1"

color-name@^1.1.1:
  version "1.1.3"
  resolved "https://registry.yarnpkg.com/color-name/-/color-name-1.1.3.tgz#a7d0558bd89c42f795dd42328f740831ca53bc25"

convert-source-map@^1.1.0:
  version "1.5.1"
  resolved "https://registry.yarnpkg.com/convert-source-map/-/convert-source-map-1.5.1.tgz#b8278097b9bc229365de5c62cf5fcaed8b5599e5"

core-js@^1.0.0:
  version "1.2.7"
  resolved "https://registry.yarnpkg.com/core-js/-/core-js-1.2.7.tgz#652294c14651db28fa93bd2d5ff2983a4f08c636"

debug@^3.0.1:
  version "3.1.0"
  resolved "https://registry.yarnpkg.com/debug/-/debug-3.1.0.tgz#5bb5a0672628b64149566ba16819e61518c67261"
  dependencies:
    ms "2.0.0"

delegate@^3.1.2:
  version "3.1.3"
  resolved "https://registry.yarnpkg.com/delegate/-/delegate-3.1.3.tgz#9a8251a777d7025faa55737bc3b071742127a9fd"

electron-to-chromium@^1.3.27:
  version "1.3.27"
  resolved "https://registry.yarnpkg.com/electron-to-chromium/-/electron-to-chromium-1.3.27.tgz#78ecb8a399066187bb374eede35d9c70565a803d"

encoding@^0.1.11:
  version "0.1.12"
  resolved "https://registry.yarnpkg.com/encoding/-/encoding-0.1.12.tgz#538b66f3ee62cd1ab51ec323829d1f9480c74beb"
  dependencies:
    iconv-lite "~0.4.13"

escape-string-regexp@^1.0.5:
  version "1.0.5"
  resolved "https://registry.yarnpkg.com/escape-string-regexp/-/escape-string-regexp-1.0.5.tgz#1b61c0562190a8dff6ae3bb2cf0200ca130b86d4"

esutils@^2.0.0, esutils@^2.0.2:
  version "2.0.2"
  resolved "https://registry.yarnpkg.com/esutils/-/esutils-2.0.2.tgz#0abf4f1caa5bcb1f7a9d8acc6dea4faaa04bac9b"

expand-brackets@^0.1.4:
  version "0.1.5"
  resolved "https://registry.yarnpkg.com/expand-brackets/-/expand-brackets-0.1.5.tgz#df07284e342a807cd733ac5af72411e581d1177b"
  dependencies:
    is-posix-bracket "^0.1.0"

expand-range@^1.8.1:
  version "1.8.2"
  resolved "https://registry.yarnpkg.com/expand-range/-/expand-range-1.8.2.tgz#a299effd335fe2721ebae8e257ec79644fc85337"
  dependencies:
    fill-range "^2.1.0"

extglob@^0.3.1:
  version "0.3.2"
  resolved "https://registry.yarnpkg.com/extglob/-/extglob-0.3.2.tgz#2e18ff3d2f49ab2765cec9023f011daa8d8349a1"
  dependencies:
    is-extglob "^1.0.0"

fbjs@^0.8.16:
  version "0.8.16"
  resolved "https://registry.yarnpkg.com/fbjs/-/fbjs-0.8.16.tgz#5e67432f550dc41b572bf55847b8aca64e5337db"
  dependencies:
    core-js "^1.0.0"
    isomorphic-fetch "^2.1.1"
    loose-envify "^1.0.0"
    object-assign "^4.1.0"
    promise "^7.1.1"
    setimmediate "^1.0.5"
    ua-parser-js "^0.7.9"

filename-regex@^2.0.0:
  version "2.0.1"
  resolved "https://registry.yarnpkg.com/filename-regex/-/filename-regex-2.0.1.tgz#c1c4b9bee3e09725ddb106b75c1e301fe2f18b26"

fill-range@^2.1.0:
  version "2.2.3"
  resolved "https://registry.yarnpkg.com/fill-range/-/fill-range-2.2.3.tgz#50b77dfd7e469bc7492470963699fe7a8485a723"
  dependencies:
    is-number "^2.1.0"
    isobject "^2.0.0"
    randomatic "^1.1.3"
    repeat-element "^1.1.2"
    repeat-string "^1.5.2"

for-in@^1.0.1:
  version "1.0.2"
  resolved "https://registry.yarnpkg.com/for-in/-/for-in-1.0.2.tgz#81068d295a8142ec0ac726c6e2200c30fb6d5e80"

for-own@^0.1.4:
  version "0.1.5"
  resolved "https://registry.yarnpkg.com/for-own/-/for-own-0.1.5.tgz#5265c681a4f294dabbf17c9509b6763aa84510ce"
  dependencies:
    for-in "^1.0.1"

glob-base@^0.3.0:
  version "0.3.0"
  resolved "https://registry.yarnpkg.com/glob-base/-/glob-base-0.3.0.tgz#dbb164f6221b1c0b1ccf82aea328b497df0ea3c4"
  dependencies:
    glob-parent "^2.0.0"
    is-glob "^2.0.0"

glob-parent@^2.0.0:
  version "2.0.0"
  resolved "https://registry.yarnpkg.com/glob-parent/-/glob-parent-2.0.0.tgz#81383d72db054fcccf5336daa902f182f6edbb28"
  dependencies:
    is-glob "^2.0.0"

globals@^10.0.0:
  version "10.4.0"
  resolved "https://registry.yarnpkg.com/globals/-/globals-10.4.0.tgz#5c477388b128a9e4c5c5d01c7a2aca68c68b2da7"

good-listener@^1.2.2:
  version "1.2.2"
  resolved "https://registry.yarnpkg.com/good-listener/-/good-listener-1.2.2.tgz#d53b30cdf9313dffb7dc9a0d477096aa6d145c50"
  dependencies:
    delegate "^3.1.2"

has-flag@^2.0.0:
  version "2.0.0"
  resolved "https://registry.yarnpkg.com/has-flag/-/has-flag-2.0.0.tgz#e8207af1cc7b30d446cc70b734b5e8be18f88d51"

highlight.js@^9.12.0:
  version "9.12.0"
  resolved "https://registry.yarnpkg.com/highlight.js/-/highlight.js-9.12.0.tgz#e6d9dbe57cbefe60751f02af336195870c90c01e"

iconv-lite@~0.4.13:
  version "0.4.19"
  resolved "https://registry.yarnpkg.com/iconv-lite/-/iconv-lite-0.4.19.tgz#f7468f60135f5e5dad3399c0a81be9a1603a082b"

invariant@^2.2.0, invariant@^2.2.2:
  version "2.2.2"
  resolved "https://registry.yarnpkg.com/invariant/-/invariant-2.2.2.tgz#9e1f56ac0acdb6bf303306f338be3b204ae60360"
  dependencies:
    loose-envify "^1.0.0"

is-buffer@^1.1.5:
  version "1.1.6"
  resolved "https://registry.yarnpkg.com/is-buffer/-/is-buffer-1.1.6.tgz#efaa2ea9daa0d7ab2ea13a97b2b8ad51fefbe8be"

is-dotfile@^1.0.0:
  version "1.0.3"
  resolved "https://registry.yarnpkg.com/is-dotfile/-/is-dotfile-1.0.3.tgz#a6a2f32ffd2dfb04f5ca25ecd0f6b83cf798a1e1"

is-equal-shallow@^0.1.3:
  version "0.1.3"
  resolved "https://registry.yarnpkg.com/is-equal-shallow/-/is-equal-shallow-0.1.3.tgz#2238098fc221de0bcfa5d9eac4c45d638aa1c534"
  dependencies:
    is-primitive "^2.0.0"

is-extendable@^0.1.1:
  version "0.1.1"
  resolved "https://registry.yarnpkg.com/is-extendable/-/is-extendable-0.1.1.tgz#62b110e289a471418e3ec36a617d472e301dfc89"

is-extglob@^1.0.0:
  version "1.0.0"
  resolved "https://registry.yarnpkg.com/is-extglob/-/is-extglob-1.0.0.tgz#ac468177c4943405a092fc8f29760c6ffc6206c0"

is-glob@^2.0.0, is-glob@^2.0.1:
  version "2.0.1"
  resolved "https://registry.yarnpkg.com/is-glob/-/is-glob-2.0.1.tgz#d096f926a3ded5600f3fdfd91198cb0888c2d863"
  dependencies:
    is-extglob "^1.0.0"

is-number@^2.1.0:
  version "2.1.0"
  resolved "https://registry.yarnpkg.com/is-number/-/is-number-2.1.0.tgz#01fcbbb393463a548f2f466cce16dece49db908f"
  dependencies:
    kind-of "^3.0.2"

is-number@^3.0.0:
  version "3.0.0"
  resolved "https://registry.yarnpkg.com/is-number/-/is-number-3.0.0.tgz#24fd6201a4782cf50561c810276afc7d12d71195"
  dependencies:
    kind-of "^3.0.2"

is-posix-bracket@^0.1.0:
  version "0.1.1"
  resolved "https://registry.yarnpkg.com/is-posix-bracket/-/is-posix-bracket-0.1.1.tgz#3334dc79774368e92f016e6fbc0a88f5cd6e6bc4"

is-primitive@^2.0.0:
  version "2.0.0"
  resolved "https://registry.yarnpkg.com/is-primitive/-/is-primitive-2.0.0.tgz#207bab91638499c07b2adf240a41a87210034575"

is-stream@^1.0.1:
  version "1.1.0"
  resolved "https://registry.yarnpkg.com/is-stream/-/is-stream-1.1.0.tgz#12d4a3dd4e68e0b79ceb8dbc84173ae80d91ca44"

isarray@1.0.0:
  version "1.0.0"
  resolved "https://registry.yarnpkg.com/isarray/-/isarray-1.0.0.tgz#bb935d48582cba168c06834957a54a3e07124f11"

isobject@^2.0.0:
  version "2.1.0"
  resolved "https://registry.yarnpkg.com/isobject/-/isobject-2.1.0.tgz#f065561096a3f1da2ef46272f815c840d87e0c89"
  dependencies:
    isarray "1.0.0"

isomorphic-fetch@^2.1.1:
  version "2.2.1"
  resolved "https://registry.yarnpkg.com/isomorphic-fetch/-/isomorphic-fetch-2.2.1.tgz#611ae1acf14f5e81f729507472819fe9733558a9"
  dependencies:
    node-fetch "^1.0.1"
    whatwg-fetch ">=0.10.0"

js-tokens@^3.0.0:
  version "3.0.2"
  resolved "https://registry.yarnpkg.com/js-tokens/-/js-tokens-3.0.2.tgz#9866df395102130e38f7f996bceb65443209c25b"

jsesc@^2.5.1:
  version "2.5.1"
  resolved "https://registry.yarnpkg.com/jsesc/-/jsesc-2.5.1.tgz#e421a2a8e20d6b0819df28908f782526b96dd1fe"

jsesc@~0.5.0:
  version "0.5.0"
  resolved "https://registry.yarnpkg.com/jsesc/-/jsesc-0.5.0.tgz#e7dee66e35d6fc16f710fe91d5cf69f70f08911d"

json5@^0.5.0:
  version "0.5.1"
  resolved "https://registry.yarnpkg.com/json5/-/json5-0.5.1.tgz#1eade7acc012034ad84e2396767ead9fa5495821"

kind-of@^3.0.2:
  version "3.2.2"
  resolved "https://registry.yarnpkg.com/kind-of/-/kind-of-3.2.2.tgz#31ea21a734bab9bbb0f32466d893aea51e4a3c64"
  dependencies:
    is-buffer "^1.1.5"

kind-of@^4.0.0:
  version "4.0.0"
  resolved "https://registry.yarnpkg.com/kind-of/-/kind-of-4.0.0.tgz#20813df3d712928b207378691a45066fae72dd57"
  dependencies:
    is-buffer "^1.1.5"

lodash@^4.2.0:
  version "4.17.4"
  resolved "https://registry.yarnpkg.com/lodash/-/lodash-4.17.4.tgz#78203a4d1c328ae1d86dca6460e369b57f4055ae"

loose-envify@^1.0.0, loose-envify@^1.1.0, loose-envify@^1.3.1:
  version "1.3.1"
  resolved "https://registry.yarnpkg.com/loose-envify/-/loose-envify-1.3.1.tgz#d1a8ad33fa9ce0e713d65fdd0ac8b748d478c848"
  dependencies:
    js-tokens "^3.0.0"

micromatch@^2.3.11:
  version "2.3.11"
  resolved "https://registry.yarnpkg.com/micromatch/-/micromatch-2.3.11.tgz#86677c97d1720b363431d04d0d15293bd38c1565"
  dependencies:
    arr-diff "^2.0.0"
    array-unique "^0.2.1"
    braces "^1.8.2"
    expand-brackets "^0.1.4"
    extglob "^0.3.1"
    filename-regex "^2.0.0"
    is-extglob "^1.0.0"
    is-glob "^2.0.1"
    kind-of "^3.0.2"
    normalize-path "^2.0.1"
    object.omit "^2.0.0"
    parse-glob "^3.0.4"
    regex-cache "^0.4.2"

ms@2.0.0:
  version "2.0.0"
  resolved "https://registry.yarnpkg.com/ms/-/ms-2.0.0.tgz#5608aeadfc00be6c2901df5f9861788de0d597c8"

node-fetch@^1.0.1:
  version "1.7.3"
  resolved "https://registry.yarnpkg.com/node-fetch/-/node-fetch-1.7.3.tgz#980f6f72d85211a5347c6b2bc18c5b84c3eb47ef"
  dependencies:
    encoding "^0.1.11"
    is-stream "^1.0.1"

normalize-path@^2.0.1:
  version "2.1.1"
  resolved "https://registry.yarnpkg.com/normalize-path/-/normalize-path-2.1.1.tgz#1ab28b556e198363a8c1a6f7e6fa20137fe6aed9"
  dependencies:
    remove-trailing-separator "^1.0.1"

object-assign@^4.1.0, object-assign@^4.1.1:
  version "4.1.1"
  resolved "https://registry.yarnpkg.com/object-assign/-/object-assign-4.1.1.tgz#2109adc7965887cfc05cbbd442cac8bfbb360863"

object.omit@^2.0.0:
  version "2.0.1"
  resolved "https://registry.yarnpkg.com/object.omit/-/object.omit-2.0.1.tgz#1a9c744829f39dbb858c76ca3579ae2a54ebd1fa"
  dependencies:
    for-own "^0.1.4"
    is-extendable "^0.1.1"

parse-glob@^3.0.4:
  version "3.0.4"
  resolved "https://registry.yarnpkg.com/parse-glob/-/parse-glob-3.0.4.tgz#b2c376cfb11f35513badd173ef0bb6e3a388391c"
  dependencies:
    glob-base "^0.3.0"
    is-dotfile "^1.0.0"
    is-extglob "^1.0.0"
    is-glob "^2.0.0"

path-parse@^1.0.5:
  version "1.0.5"
  resolved "https://registry.yarnpkg.com/path-parse/-/path-parse-1.0.5.tgz#3c1adf871ea9cd6c9431b6ea2bd74a0ff055c4c1"

preserve@^0.2.0:
  version "0.2.0"
  resolved "https://registry.yarnpkg.com/preserve/-/preserve-0.2.0.tgz#815ed1f6ebc65926f865b310c0713bcb3315ce4b"

prismjs@^1.8.4:
  version "1.8.4"
  resolved "https://registry.yarnpkg.com/prismjs/-/prismjs-1.8.4.tgz#573cc7a14c2c06566e1eca20d813f5ae55db80d2"
  optionalDependencies:
    clipboard "^1.5.5"

private@^0.1.6:
  version "0.1.8"
  resolved "https://registry.yarnpkg.com/private/-/private-0.1.8.tgz#2381edb3689f7a53d653190060fcf822d2f368ff"

promise@^7.1.1:
  version "7.3.1"
  resolved "https://registry.yarnpkg.com/promise/-/promise-7.3.1.tgz#064b72602b18f90f29192b8b1bc418ffd1ebd3bf"
  dependencies:
    asap "~2.0.3"

prop-types@^15.6.0:
  version "15.6.0"
  resolved "https://registry.yarnpkg.com/prop-types/-/prop-types-15.6.0.tgz#ceaf083022fc46b4a35f69e13ef75aed0d639856"
  dependencies:
    fbjs "^0.8.16"
    loose-envify "^1.3.1"
    object-assign "^4.1.1"

randomatic@^1.1.3:
  version "1.1.7"
  resolved "https://registry.yarnpkg.com/randomatic/-/randomatic-1.1.7.tgz#c7abe9cc8b87c0baa876b19fde83fd464797e38c"
  dependencies:
    is-number "^3.0.0"
    kind-of "^4.0.0"

react-dom@^16.2.0:
  version "16.2.0"
  resolved "https://registry.yarnpkg.com/react-dom/-/react-dom-16.2.0.tgz#69003178601c0ca19b709b33a83369fe6124c044"
  dependencies:
    fbjs "^0.8.16"
    loose-envify "^1.1.0"
    object-assign "^4.1.1"
    prop-types "^15.6.0"

react@^16.2.0:
  version "16.2.0"
  resolved "https://registry.yarnpkg.com/react/-/react-16.2.0.tgz#a31bd2dab89bff65d42134fa187f24d054c273ba"
  dependencies:
    fbjs "^0.8.16"
    loose-envify "^1.1.0"
    object-assign "^4.1.1"
    prop-types "^15.6.0"

regenerate-unicode-properties@^5.1.1:
  version "5.1.3"
  resolved "https://registry.yarnpkg.com/regenerate-unicode-properties/-/regenerate-unicode-properties-5.1.3.tgz#54f5891543468f36f2274b67c6bc4c033c27b308"
  dependencies:
    regenerate "^1.3.3"

regenerate@^1.3.3:
  version "1.3.3"
  resolved "https://registry.yarnpkg.com/regenerate/-/regenerate-1.3.3.tgz#0c336d3980553d755c39b586ae3b20aa49c82b7f"

regenerator-transform@^0.12.1:
  version "0.12.1"
  resolved "https://registry.yarnpkg.com/regenerator-transform/-/regenerator-transform-0.12.1.tgz#6d3e98f031d68d8a35483a9d7b2bad87612ac926"
  dependencies:
    private "^0.1.6"

regex-cache@^0.4.2:
  version "0.4.4"
  resolved "https://registry.yarnpkg.com/regex-cache/-/regex-cache-0.4.4.tgz#75bdc58a2a1496cec48a12835bc54c8d562336dd"
  dependencies:
    is-equal-shallow "^0.1.3"

regexpu-core@^4.1.3:
  version "4.1.3"
  resolved "https://registry.yarnpkg.com/regexpu-core/-/regexpu-core-4.1.3.tgz#fb81616dbbc2a917a7419b33f8379144f51eb8d0"
  dependencies:
    regenerate "^1.3.3"
    regenerate-unicode-properties "^5.1.1"
    regjsgen "^0.3.0"
    regjsparser "^0.2.1"
    unicode-match-property-ecmascript "^1.0.3"
    unicode-match-property-value-ecmascript "^1.0.1"

regjsgen@^0.3.0:
  version "0.3.0"
  resolved "https://registry.yarnpkg.com/regjsgen/-/regjsgen-0.3.0.tgz#0ee4a3e9276430cda25f1e789ea6c15b87b0cb43"

regjsparser@^0.2.1:
  version "0.2.1"
  resolved "https://registry.yarnpkg.com/regjsparser/-/regjsparser-0.2.1.tgz#c3787553faf04e775c302102ef346d995000ec1c"
  dependencies:
    jsesc "~0.5.0"

remove-trailing-separator@^1.0.1:
  version "1.1.0"
  resolved "https://registry.yarnpkg.com/remove-trailing-separator/-/remove-trailing-separator-1.1.0.tgz#c24bce2a283adad5bc3f58e0d48249b92379d8ef"

repeat-element@^1.1.2:
  version "1.1.2"
  resolved "https://registry.yarnpkg.com/repeat-element/-/repeat-element-1.1.2.tgz#ef089a178d1483baae4d93eb98b4f9e4e11d990a"

repeat-string@^1.5.2:
  version "1.6.1"
  resolved "https://registry.yarnpkg.com/repeat-string/-/repeat-string-1.6.1.tgz#8dcae470e1c88abc2d600fff4a776286da75e637"

resolve@^1.3.2:
  version "1.5.0"
  resolved "https://registry.yarnpkg.com/resolve/-/resolve-1.5.0.tgz#1f09acce796c9a762579f31b2c1cc4c3cddf9f36"
  dependencies:
    path-parse "^1.0.5"

select@^1.1.2:
  version "1.1.2"
  resolved "https://registry.yarnpkg.com/select/-/select-1.1.2.tgz#0e7350acdec80b1108528786ec1d4418d11b396d"

semver@^5.3.0:
  version "5.4.1"
  resolved "https://registry.yarnpkg.com/semver/-/semver-5.4.1.tgz#e059c09d8571f0540823733433505d3a2f00b18e"

setimmediate@^1.0.5:
  version "1.0.5"
  resolved "https://registry.yarnpkg.com/setimmediate/-/setimmediate-1.0.5.tgz#290cbb232e306942d7d7ea9b83732ab7856f8285"

source-map@^0.5.0:
  version "0.5.7"
  resolved "https://registry.yarnpkg.com/source-map/-/source-map-0.5.7.tgz#8a039d2d1021d22d1ea14c80d8ea468ba2ef3fcc"

supports-color@^4.0.0:
  version "4.5.0"
  resolved "https://registry.yarnpkg.com/supports-color/-/supports-color-4.5.0.tgz#be7a0de484dec5c5cddf8b3d59125044912f635b"
  dependencies:
    has-flag "^2.0.0"

tiny-emitter@^2.0.0:
  version "2.0.2"
  resolved "https://registry.yarnpkg.com/tiny-emitter/-/tiny-emitter-2.0.2.tgz#82d27468aca5ade8e5fd1e6d22b57dd43ebdfb7c"

to-fast-properties@^2.0.0:
  version "2.0.0"
  resolved "https://registry.yarnpkg.com/to-fast-properties/-/to-fast-properties-2.0.0.tgz#dc5e698cbd079265bc73e0377681a4e4e83f616e"

trim-right@^1.0.1:
  version "1.0.1"
  resolved "https://registry.yarnpkg.com/trim-right/-/trim-right-1.0.1.tgz#cb2e1203067e0c8de1f614094b9fe45704ea6003"

ua-parser-js@^0.7.9:
  version "0.7.17"
  resolved "https://registry.yarnpkg.com/ua-parser-js/-/ua-parser-js-0.7.17.tgz#e9ec5f9498b9ec910e7ae3ac626a805c4d09ecac"

unicode-canonical-property-names-ecmascript@^1.0.2:
  version "1.0.3"
  resolved "https://registry.yarnpkg.com/unicode-canonical-property-names-ecmascript/-/unicode-canonical-property-names-ecmascript-1.0.3.tgz#f6119f417467593c0086357c85546b6ad5abc583"

unicode-match-property-ecmascript@^1.0.3:
  version "1.0.3"
  resolved "https://registry.yarnpkg.com/unicode-match-property-ecmascript/-/unicode-match-property-ecmascript-1.0.3.tgz#db9b1cb4ffc67e0c5583780b1b59370e4cbe97b9"
  dependencies:
    unicode-canonical-property-names-ecmascript "^1.0.2"
    unicode-property-aliases-ecmascript "^1.0.3"

unicode-match-property-value-ecmascript@^1.0.1:
  version "1.0.1"
  resolved "https://registry.yarnpkg.com/unicode-match-property-value-ecmascript/-/unicode-match-property-value-ecmascript-1.0.1.tgz#fea059120a016f403afd3bf586162b4db03e0604"

unicode-property-aliases-ecmascript@^1.0.3:
  version "1.0.3"
  resolved "https://registry.yarnpkg.com/unicode-property-aliases-ecmascript/-/unicode-property-aliases-ecmascript-1.0.3.tgz#ac3522583b9e630580f916635333e00c5ead690d"

whatwg-fetch@>=0.10.0:
  version "2.0.3"
  resolved "https://registry.yarnpkg.com/whatwg-fetch/-/whatwg-fetch-2.0.3.tgz#9c84ec2dcf68187ff00bc64e1274b442176e1c84"
